// !$*UTF8*$!
{
	archiveVersion = 1;
	classes = {
	};
	objectVersion = 56;
	objects = {

/* Begin PBXBuildFile section */
		9438A2D52983C5B50056017F /* OddsiumApp.swift in Sources */ = {isa = PBXBuildFile; fileRef = 9438A2D42983C5B50056017F /* OddsiumApp.swift */; };
		9438A2D92983C5B70056017F /* Assets.xcassets in Resources */ = {isa = PBXBuildFile; fileRef = 9438A2D82983C5B70056017F /* Assets.xcassets */; };
		9438A2DC2983C5B70056017F /* Preview Assets.xcassets in Resources */ = {isa = PBXBuildFile; fileRef = 9438A2DB2983C5B70056017F /* Preview Assets.xcassets */; };
		9438A2E72983D25F0056017F /* DashboardTabView.swift in Sources */ = {isa = PBXBuildFile; fileRef = 9438A2E62983D25E0056017F /* DashboardTabView.swift */; };
		9438A2F029840EC90056017F /* Assets.xcassets in Resources */ = {isa = PBXBuildFile; fileRef = 9438A2EF29840EC90056017F /* Assets.xcassets */; };
		9438A2F329841A630056017F /* swiftgen.yml in Resources */ = {isa = PBXBuildFile; fileRef = 9438A2F229841A630056017F /* swiftgen.yml */; };
		9438A2F529841AFB0056017F /* Assets+Generated.swift in Sources */ = {isa = PBXBuildFile; fileRef = 9438A2F429841AFB0056017F /* Assets+Generated.swift */; };
		9438A2FD29841F690056017F /* Localizable.strings in Resources */ = {isa = PBXBuildFile; fileRef = 9438A2FB29841F690056017F /* Localizable.strings */; };
		9438A2FF298420260056017F /* Strings+Generated.swift in Sources */ = {isa = PBXBuildFile; fileRef = 9438A2FE298420260056017F /* Strings+Generated.swift */; };
		9438A3022987B2D00056017F /* SFSymbol.swift in Sources */ = {isa = PBXBuildFile; fileRef = 9438A3012987B2D00056017F /* SFSymbol.swift */; };
		9438A3082987CA050056017F /* Domain in Frameworks */ = {isa = PBXBuildFile; productRef = 9438A3072987CA050056017F /* Domain */; };
		9438A30E2987D8DD0056017F /* Network in Frameworks */ = {isa = PBXBuildFile; productRef = 9438A30D2987D8DD0056017F /* Network */; };
		943A81F5298A5DA4005CE837 /* DataLoader in Frameworks */ = {isa = PBXBuildFile; productRef = 943A81F4298A5DA4005CE837 /* DataLoader */; };
		943A81F7298A6C92005CE837 /* MatchesListView.swift in Sources */ = {isa = PBXBuildFile; fileRef = 943A81F6298A6C92005CE837 /* MatchesListView.swift */; };
		943A81F9298A762E005CE837 /* MatchRowView.swift in Sources */ = {isa = PBXBuildFile; fileRef = 943A81F8298A762E005CE837 /* MatchRowView.swift */; };
		948352572989386900BC2EC6 /* DayIndexViewModel.swift in Sources */ = {isa = PBXBuildFile; fileRef = 948352562989386900BC2EC6 /* DayIndexViewModel.swift */; };
		94F72EDF298817FB0013114D /* ShortcutFoundation in Frameworks */ = {isa = PBXBuildFile; productRef = 94F72EDE298817FB0013114D /* ShortcutFoundation */; };
		94F72EE12988188C0013114D /* AppConfig.swift in Sources */ = {isa = PBXBuildFile; fileRef = 94F72EE02988188C0013114D /* AppConfig.swift */; };
		94F72EE42988FE570013114D /* CalendarView.swift in Sources */ = {isa = PBXBuildFile; fileRef = 94F72EE32988FE570013114D /* CalendarView.swift */; };
		94F72EE629890EEB0013114D /* DaySelectionView.swift in Sources */ = {isa = PBXBuildFile; fileRef = 94F72EE529890EEB0013114D /* DaySelectionView.swift */; };
		94F72EE8298915CE0013114D /* CalendarViewModel.swift in Sources */ = {isa = PBXBuildFile; fileRef = 94F72EE7298915CE0013114D /* CalendarViewModel.swift */; };
		94F72EEB29891DDE0013114D /* DayIndexView.swift in Sources */ = {isa = PBXBuildFile; fileRef = 94F72EEA29891DDE0013114D /* DayIndexView.swift */; };
/* End PBXBuildFile section */

/* Begin PBXFileReference section */
		9438A2D12983C5B50056017F /* Oddsium.app */ = {isa = PBXFileReference; explicitFileType = wrapper.application; includeInIndex = 0; path = Oddsium.app; sourceTree = BUILT_PRODUCTS_DIR; };
		9438A2D42983C5B50056017F /* OddsiumApp.swift */ = {isa = PBXFileReference; lastKnownFileType = sourcecode.swift; path = OddsiumApp.swift; sourceTree = "<group>"; };
		9438A2D82983C5B70056017F /* Assets.xcassets */ = {isa = PBXFileReference; lastKnownFileType = folder.assetcatalog; path = Assets.xcassets; sourceTree = "<group>"; };
		9438A2DB2983C5B70056017F /* Preview Assets.xcassets */ = {isa = PBXFileReference; lastKnownFileType = folder.assetcatalog; path = "Preview Assets.xcassets"; sourceTree = "<group>"; };
		9438A2E62983D25E0056017F /* DashboardTabView.swift */ = {isa = PBXFileReference; lastKnownFileType = sourcecode.swift; path = DashboardTabView.swift; sourceTree = "<group>"; };
		9438A2EF29840EC90056017F /* Assets.xcassets */ = {isa = PBXFileReference; lastKnownFileType = folder.assetcatalog; path = Assets.xcassets; sourceTree = "<group>"; };
		9438A2F229841A630056017F /* swiftgen.yml */ = {isa = PBXFileReference; fileEncoding = 4; lastKnownFileType = text.yaml; path = swiftgen.yml; sourceTree = SOURCE_ROOT; };
		9438A2F429841AFB0056017F /* Assets+Generated.swift */ = {isa = PBXFileReference; fileEncoding = 4; lastKnownFileType = sourcecode.swift; path = "Assets+Generated.swift"; sourceTree = "<group>"; };
		9438A2FC29841F690056017F /* en */ = {isa = PBXFileReference; lastKnownFileType = text.plist.strings; name = en; path = Localizable.strings; sourceTree = "<group>"; };
		9438A2FE298420260056017F /* Strings+Generated.swift */ = {isa = PBXFileReference; fileEncoding = 4; lastKnownFileType = sourcecode.swift; path = "Strings+Generated.swift"; sourceTree = "<group>"; };
		9438A3012987B2D00056017F /* SFSymbol.swift */ = {isa = PBXFileReference; lastKnownFileType = sourcecode.swift; path = SFSymbol.swift; sourceTree = "<group>"; };
		9438A3062987BE760056017F /* Domain */ = {isa = PBXFileReference; lastKnownFileType = wrapper; path = Domain; sourceTree = "<group>"; };
		9438A30C2987D7FF0056017F /* Network */ = {isa = PBXFileReference; lastKnownFileType = wrapper; path = Network; sourceTree = "<group>"; };
		943A81F3298A5A38005CE837 /* DataLoader */ = {isa = PBXFileReference; lastKnownFileType = wrapper; path = DataLoader; sourceTree = "<group>"; };
		943A81F6298A6C92005CE837 /* MatchesListView.swift */ = {isa = PBXFileReference; lastKnownFileType = sourcecode.swift; path = MatchesListView.swift; sourceTree = "<group>"; };
		943A81F8298A762E005CE837 /* MatchRowView.swift */ = {isa = PBXFileReference; lastKnownFileType = sourcecode.swift; path = MatchRowView.swift; sourceTree = "<group>"; };
		948352562989386900BC2EC6 /* DayIndexViewModel.swift */ = {isa = PBXFileReference; lastKnownFileType = sourcecode.swift; path = DayIndexViewModel.swift; sourceTree = "<group>"; };
		94F72EE02988188C0013114D /* AppConfig.swift */ = {isa = PBXFileReference; lastKnownFileType = sourcecode.swift; path = AppConfig.swift; sourceTree = "<group>"; };
		94F72EE32988FE570013114D /* CalendarView.swift */ = {isa = PBXFileReference; lastKnownFileType = sourcecode.swift; path = CalendarView.swift; sourceTree = "<group>"; };
		94F72EE529890EEB0013114D /* DaySelectionView.swift */ = {isa = PBXFileReference; lastKnownFileType = sourcecode.swift; path = DaySelectionView.swift; sourceTree = "<group>"; };
		94F72EE7298915CE0013114D /* CalendarViewModel.swift */ = {isa = PBXFileReference; lastKnownFileType = sourcecode.swift; path = CalendarViewModel.swift; sourceTree = "<group>"; };
		94F72EEA29891DDE0013114D /* DayIndexView.swift */ = {isa = PBXFileReference; lastKnownFileType = sourcecode.swift; path = DayIndexView.swift; sourceTree = "<group>"; };
/* End PBXFileReference section */

/* Begin PBXFrameworksBuildPhase section */
		9438A2CE2983C5B50056017F /* Frameworks */ = {
			isa = PBXFrameworksBuildPhase;
			buildActionMask = 2147483647;
			files = (
				94F72EDF298817FB0013114D /* ShortcutFoundation in Frameworks */,
				9438A30E2987D8DD0056017F /* Network in Frameworks */,
				9438A3082987CA050056017F /* Domain in Frameworks */,
				943A81F5298A5DA4005CE837 /* DataLoader in Frameworks */,
			);
			runOnlyForDeploymentPostprocessing = 0;
		};
/* End PBXFrameworksBuildPhase section */

/* Begin PBXGroup section */
		9438A2C82983C5B50056017F = {
			isa = PBXGroup;
			children = (
				943A81F3298A5A38005CE837 /* DataLoader */,
				9438A30C2987D7FF0056017F /* Network */,
				9438A3062987BE760056017F /* Domain */,
				9438A2D32983C5B50056017F /* Oddsium */,
				9438A2D22983C5B50056017F /* Products */,
				9438A2E32983D20F0056017F /* Frameworks */,
			);
			sourceTree = "<group>";
		};
		9438A2D22983C5B50056017F /* Products */ = {
			isa = PBXGroup;
			children = (
				9438A2D12983C5B50056017F /* Oddsium.app */,
			);
			name = Products;
			sourceTree = "<group>";
		};
		9438A2D32983C5B50056017F /* Oddsium */ = {
			isa = PBXGroup;
			children = (
				9438A2E82983D2710056017F /* Presentation */,
				94F72EE02988188C0013114D /* AppConfig.swift */,
				9438A2D42983C5B50056017F /* OddsiumApp.swift */,
				9438A2D82983C5B70056017F /* Assets.xcassets */,
				9438A2DA2983C5B70056017F /* Preview Content */,
			);
			path = Oddsium;
			sourceTree = "<group>";
		};
		9438A2DA2983C5B70056017F /* Preview Content */ = {
			isa = PBXGroup;
			children = (
				9438A2DB2983C5B70056017F /* Preview Assets.xcassets */,
			);
			path = "Preview Content";
			sourceTree = "<group>";
		};
		9438A2E32983D20F0056017F /* Frameworks */ = {
			isa = PBXGroup;
			children = (
			);
			name = Frameworks;
			sourceTree = "<group>";
		};
		9438A2E82983D2710056017F /* Presentation */ = {
			isa = PBXGroup;
			children = (
				9438A2EE29840E930056017F /* Resources */,
				9438A2E92983D2790056017F /* Main */,
			);
			path = Presentation;
			sourceTree = "<group>";
		};
		9438A2E92983D2790056017F /* Main */ = {
			isa = PBXGroup;
			children = (
				94F72EE22988FE430013114D /* Calendar */,
				94F72EE529890EEB0013114D /* DaySelectionView.swift */,
				9438A2EA2983D2800056017F /* Dashboard */,
			);
			path = Main;
			sourceTree = "<group>";
		};
		9438A2EA2983D2800056017F /* Dashboard */ = {
			isa = PBXGroup;
			children = (
				9438A2E62983D25E0056017F /* DashboardTabView.swift */,
			);
			path = Dashboard;
			sourceTree = "<group>";
		};
		9438A2EE29840E930056017F /* Resources */ = {
			isa = PBXGroup;
			children = (
				9438A3002987B2960056017F /* SFSymbol */,
				9438A2F629841B080056017F /* Images */,
				9438A2F729841CBF0056017F /* Strings */,
				9438A2F229841A630056017F /* swiftgen.yml */,
			);
			path = Resources;
			sourceTree = "<group>";
		};
		9438A2F629841B080056017F /* Images */ = {
			isa = PBXGroup;
			children = (
				9438A2F429841AFB0056017F /* Assets+Generated.swift */,
				9438A2EF29840EC90056017F /* Assets.xcassets */,
			);
			path = Images;
			sourceTree = "<group>";
		};
		9438A2F729841CBF0056017F /* Strings */ = {
			isa = PBXGroup;
			children = (
				9438A2FA29841F690056017F /* en.lproj */,
				9438A2FE298420260056017F /* Strings+Generated.swift */,
			);
			path = Strings;
			sourceTree = "<group>";
		};
		9438A2FA29841F690056017F /* en.lproj */ = {
			isa = PBXGroup;
			children = (
				9438A2FB29841F690056017F /* Localizable.strings */,
			);
			path = en.lproj;
			sourceTree = "<group>";
		};
		9438A3002987B2960056017F /* SFSymbol */ = {
			isa = PBXGroup;
			children = (
				9438A3012987B2D00056017F /* SFSymbol.swift */,
			);
			path = SFSymbol;
			sourceTree = "<group>";
		};
		943A81FA298A78F7005CE837 /* Matches */ = {
			isa = PBXGroup;
			children = (
				943A81F8298A762E005CE837 /* MatchRowView.swift */,
				943A81F6298A6C92005CE837 /* MatchesListView.swift */,
			);
			path = Matches;
			sourceTree = "<group>";
		};
		94835258298939DC00BC2EC6 /* DayIndex */ = {
			isa = PBXGroup;
			children = (
				94F72EEA29891DDE0013114D /* DayIndexView.swift */,
				948352562989386900BC2EC6 /* DayIndexViewModel.swift */,
			);
			path = DayIndex;
			sourceTree = "<group>";
		};
		94F72EE22988FE430013114D /* Calendar */ = {
			isa = PBXGroup;
			children = (
				94835258298939DC00BC2EC6 /* DayIndex */,
				94F72EE9298917B30013114D /* Main */,
				943A81FA298A78F7005CE837 /* Matches */,
			);
			path = Calendar;
			sourceTree = "<group>";
		};
		94F72EE9298917B30013114D /* Main */ = {
			isa = PBXGroup;
			children = (
				94F72EE32988FE570013114D /* CalendarView.swift */,
				94F72EE7298915CE0013114D /* CalendarViewModel.swift */,
			);
			path = Main;
			sourceTree = "<group>";
		};
/* End PBXGroup section */

/* Begin PBXNativeTarget section */
		9438A2D02983C5B50056017F /* Oddsium */ = {
			isa = PBXNativeTarget;
			buildConfigurationList = 9438A2DF2983C5B70056017F /* Build configuration list for PBXNativeTarget "Oddsium" */;
			buildPhases = (
				9438A2EB298401720056017F /* SwiftLint */,
				9438A2CD2983C5B50056017F /* Sources */,
				9438A2CE2983C5B50056017F /* Frameworks */,
				9438A2CF2983C5B50056017F /* Resources */,
				9438A2F1298415410056017F /* SwiftGen */,
			);
			buildRules = (
			);
			dependencies = (
			);
			name = Oddsium;
			packageProductDependencies = (
				9438A3072987CA050056017F /* Domain */,
				9438A30D2987D8DD0056017F /* Network */,
				94F72EDE298817FB0013114D /* ShortcutFoundation */,
				943A81F4298A5DA4005CE837 /* DataLoader */,
			);
			productName = Oddsium;
			productReference = 9438A2D12983C5B50056017F /* Oddsium.app */;
			productType = "com.apple.product-type.application";
		};
/* End PBXNativeTarget section */

/* Begin PBXProject section */
		9438A2C92983C5B50056017F /* Project object */ = {
			isa = PBXProject;
			attributes = {
				BuildIndependentTargetsInParallel = 1;
				LastSwiftUpdateCheck = 1410;
				LastUpgradeCheck = 1410;
				TargetAttributes = {
					9438A2D02983C5B50056017F = {
						CreatedOnToolsVersion = 14.1;
					};
				};
			};
			buildConfigurationList = 9438A2CC2983C5B50056017F /* Build configuration list for PBXProject "Oddsium" */;
			compatibilityVersion = "Xcode 14.0";
			developmentRegion = en;
			hasScannedForEncodings = 0;
			knownRegions = (
				en,
				Base,
			);
			mainGroup = 9438A2C82983C5B50056017F;
			packageReferences = (
				94F72EDD298817FB0013114D /* XCRemoteSwiftPackageReference "shortcut-foundation-ios" */,
			);
			productRefGroup = 9438A2D22983C5B50056017F /* Products */;
			projectDirPath = "";
			projectRoot = "";
			targets = (
				9438A2D02983C5B50056017F /* Oddsium */,
			);
		};
/* End PBXProject section */

/* Begin PBXResourcesBuildPhase section */
		9438A2CF2983C5B50056017F /* Resources */ = {
			isa = PBXResourcesBuildPhase;
			buildActionMask = 2147483647;
			files = (
				9438A2FD29841F690056017F /* Localizable.strings in Resources */,
				9438A2DC2983C5B70056017F /* Preview Assets.xcassets in Resources */,
				9438A2D92983C5B70056017F /* Assets.xcassets in Resources */,
				9438A2F029840EC90056017F /* Assets.xcassets in Resources */,
				9438A2F329841A630056017F /* swiftgen.yml in Resources */,
			);
			runOnlyForDeploymentPostprocessing = 0;
		};
/* End PBXResourcesBuildPhase section */

/* Begin PBXShellScriptBuildPhase section */
		9438A2EB298401720056017F /* SwiftLint */ = {
			isa = PBXShellScriptBuildPhase;
			alwaysOutOfDate = 1;
			buildActionMask = 2147483647;
			files = (
			);
			inputFileListPaths = (
			);
			inputPaths = (
			);
			name = SwiftLint;
			outputFileListPaths = (
			);
			outputPaths = (
			);
			runOnlyForDeploymentPostprocessing = 0;
			shellPath = /bin/sh;
			shellScript = "export PATH=\"$PATH:/opt/homebrew/bin\"\nif which swiftlint > /dev/null; then\n    swiftlint\nelse\n  echo \"warning: SwiftLint not installed, download from https://github.com/realm/SwiftLint\"\nfi\n";
		};
		9438A2F1298415410056017F /* SwiftGen */ = {
			isa = PBXShellScriptBuildPhase;
			alwaysOutOfDate = 1;
			buildActionMask = 2147483647;
			files = (
			);
			inputFileListPaths = (
			);
			inputPaths = (
			);
			name = SwiftGen;
			outputFileListPaths = (
			);
			outputPaths = (
			);
			runOnlyForDeploymentPostprocessing = 0;
			shellPath = /bin/sh;
			shellScript = "if test -d \"/opt/homebrew/bin/\"; then\n  PATH=\"/opt/homebrew/bin/:${PATH}\"\nfi\n\nexport PATH\n\nif which swiftgen >/dev/null; then\n  cd Presentation;\n  swiftgen\nelse\n  echo \"warning: Swiftgen not installed, download from https://github.com/SwiftGen/SwiftGen\"\nfi\n";
		};
/* End PBXShellScriptBuildPhase section */

/* Begin PBXSourcesBuildPhase section */
		9438A2CD2983C5B50056017F /* Sources */ = {
			isa = PBXSourcesBuildPhase;
			buildActionMask = 2147483647;
			files = (
				948352572989386900BC2EC6 /* DayIndexViewModel.swift in Sources */,
				943A81F7298A6C92005CE837 /* MatchesListView.swift in Sources */,
				94F72EE629890EEB0013114D /* DaySelectionView.swift in Sources */,
				943A81F9298A762E005CE837 /* MatchRowView.swift in Sources */,
				9438A2E72983D25F0056017F /* DashboardTabView.swift in Sources */,
				94F72EE42988FE570013114D /* CalendarView.swift in Sources */,
				9438A2D52983C5B50056017F /* OddsiumApp.swift in Sources */,
				9438A3022987B2D00056017F /* SFSymbol.swift in Sources */,
				94F72EE12988188C0013114D /* AppConfig.swift in Sources */,
				94F72EEB29891DDE0013114D /* DayIndexView.swift in Sources */,
				94F72EE8298915CE0013114D /* CalendarViewModel.swift in Sources */,
				9438A2FF298420260056017F /* Strings+Generated.swift in Sources */,
				9438A2F529841AFB0056017F /* Assets+Generated.swift in Sources */,
			);
			runOnlyForDeploymentPostprocessing = 0;
		};
/* End PBXSourcesBuildPhase section */

/* Begin PBXVariantGroup section */
		9438A2FB29841F690056017F /* Localizable.strings */ = {
			isa = PBXVariantGroup;
			children = (
				9438A2FC29841F690056017F /* en */,
			);
			name = Localizable.strings;
			sourceTree = "<group>";
		};
/* End PBXVariantGroup section */

/* Begin XCBuildConfiguration section */
		9438A2DD2983C5B70056017F /* Debug */ = {
			isa = XCBuildConfiguration;
			buildSettings = {
				ALWAYS_SEARCH_USER_PATHS = NO;
				CLANG_ANALYZER_NONNULL = YES;
				CLANG_ANALYZER_NUMBER_OBJECT_CONVERSION = YES_AGGRESSIVE;
				CLANG_CXX_LANGUAGE_STANDARD = "gnu++20";
				CLANG_ENABLE_MODULES = YES;
				CLANG_ENABLE_OBJC_ARC = YES;
				CLANG_ENABLE_OBJC_WEAK = YES;
				CLANG_WARN_BLOCK_CAPTURE_AUTORELEASING = YES;
				CLANG_WARN_BOOL_CONVERSION = YES;
				CLANG_WARN_COMMA = YES;
				CLANG_WARN_CONSTANT_CONVERSION = YES;
				CLANG_WARN_DEPRECATED_OBJC_IMPLEMENTATIONS = YES;
				CLANG_WARN_DIRECT_OBJC_ISA_USAGE = YES_ERROR;
				CLANG_WARN_DOCUMENTATION_COMMENTS = YES;
				CLANG_WARN_EMPTY_BODY = YES;
				CLANG_WARN_ENUM_CONVERSION = YES;
				CLANG_WARN_INFINITE_RECURSION = YES;
				CLANG_WARN_INT_CONVERSION = YES;
				CLANG_WARN_NON_LITERAL_NULL_CONVERSION = YES;
				CLANG_WARN_OBJC_IMPLICIT_RETAIN_SELF = YES;
				CLANG_WARN_OBJC_LITERAL_CONVERSION = YES;
				CLANG_WARN_OBJC_ROOT_CLASS = YES_ERROR;
				CLANG_WARN_QUOTED_INCLUDE_IN_FRAMEWORK_HEADER = YES;
				CLANG_WARN_RANGE_LOOP_ANALYSIS = YES;
				CLANG_WARN_STRICT_PROTOTYPES = YES;
				CLANG_WARN_SUSPICIOUS_MOVE = YES;
				CLANG_WARN_UNGUARDED_AVAILABILITY = YES_AGGRESSIVE;
				CLANG_WARN_UNREACHABLE_CODE = YES;
				CLANG_WARN__DUPLICATE_METHOD_MATCH = YES;
				COPY_PHASE_STRIP = NO;
				DEBUG_INFORMATION_FORMAT = dwarf;
				ENABLE_STRICT_OBJC_MSGSEND = YES;
				ENABLE_TESTABILITY = YES;
				GCC_C_LANGUAGE_STANDARD = gnu11;
				GCC_DYNAMIC_NO_PIC = NO;
				GCC_NO_COMMON_BLOCKS = YES;
				GCC_OPTIMIZATION_LEVEL = 0;
				GCC_PREPROCESSOR_DEFINITIONS = (
					"DEBUG=1",
					"$(inherited)",
				);
				GCC_WARN_64_TO_32_BIT_CONVERSION = YES;
				GCC_WARN_ABOUT_RETURN_TYPE = YES_ERROR;
				GCC_WARN_UNDECLARED_SELECTOR = YES;
				GCC_WARN_UNINITIALIZED_AUTOS = YES_AGGRESSIVE;
				GCC_WARN_UNUSED_FUNCTION = YES;
				GCC_WARN_UNUSED_VARIABLE = YES;
				IPHONEOS_DEPLOYMENT_TARGET = 16.1;
				MTL_ENABLE_DEBUG_INFO = INCLUDE_SOURCE;
				MTL_FAST_MATH = YES;
				ONLY_ACTIVE_ARCH = YES;
				SDKROOT = iphoneos;
				SWIFT_ACTIVE_COMPILATION_CONDITIONS = DEBUG;
				SWIFT_OPTIMIZATION_LEVEL = "-Onone";
			};
			name = Debug;
		};
		9438A2DE2983C5B70056017F /* Release */ = {
			isa = XCBuildConfiguration;
			buildSettings = {
				ALWAYS_SEARCH_USER_PATHS = NO;
				CLANG_ANALYZER_NONNULL = YES;
				CLANG_ANALYZER_NUMBER_OBJECT_CONVERSION = YES_AGGRESSIVE;
				CLANG_CXX_LANGUAGE_STANDARD = "gnu++20";
				CLANG_ENABLE_MODULES = YES;
				CLANG_ENABLE_OBJC_ARC = YES;
				CLANG_ENABLE_OBJC_WEAK = YES;
				CLANG_WARN_BLOCK_CAPTURE_AUTORELEASING = YES;
				CLANG_WARN_BOOL_CONVERSION = YES;
				CLANG_WARN_COMMA = YES;
				CLANG_WARN_CONSTANT_CONVERSION = YES;
				CLANG_WARN_DEPRECATED_OBJC_IMPLEMENTATIONS = YES;
				CLANG_WARN_DIRECT_OBJC_ISA_USAGE = YES_ERROR;
				CLANG_WARN_DOCUMENTATION_COMMENTS = YES;
				CLANG_WARN_EMPTY_BODY = YES;
				CLANG_WARN_ENUM_CONVERSION = YES;
				CLANG_WARN_INFINITE_RECURSION = YES;
				CLANG_WARN_INT_CONVERSION = YES;
				CLANG_WARN_NON_LITERAL_NULL_CONVERSION = YES;
				CLANG_WARN_OBJC_IMPLICIT_RETAIN_SELF = YES;
				CLANG_WARN_OBJC_LITERAL_CONVERSION = YES;
				CLANG_WARN_OBJC_ROOT_CLASS = YES_ERROR;
				CLANG_WARN_QUOTED_INCLUDE_IN_FRAMEWORK_HEADER = YES;
				CLANG_WARN_RANGE_LOOP_ANALYSIS = YES;
				CLANG_WARN_STRICT_PROTOTYPES = YES;
				CLANG_WARN_SUSPICIOUS_MOVE = YES;
				CLANG_WARN_UNGUARDED_AVAILABILITY = YES_AGGRESSIVE;
				CLANG_WARN_UNREACHABLE_CODE = YES;
				CLANG_WARN__DUPLICATE_METHOD_MATCH = YES;
				COPY_PHASE_STRIP = NO;
				DEBUG_INFORMATION_FORMAT = "dwarf-with-dsym";
				ENABLE_NS_ASSERTIONS = NO;
				ENABLE_STRICT_OBJC_MSGSEND = YES;
				GCC_C_LANGUAGE_STANDARD = gnu11;
				GCC_NO_COMMON_BLOCKS = YES;
				GCC_WARN_64_TO_32_BIT_CONVERSION = YES;
				GCC_WARN_ABOUT_RETURN_TYPE = YES_ERROR;
				GCC_WARN_UNDECLARED_SELECTOR = YES;
				GCC_WARN_UNINITIALIZED_AUTOS = YES_AGGRESSIVE;
				GCC_WARN_UNUSED_FUNCTION = YES;
				GCC_WARN_UNUSED_VARIABLE = YES;
				IPHONEOS_DEPLOYMENT_TARGET = 16.1;
				MTL_ENABLE_DEBUG_INFO = NO;
				MTL_FAST_MATH = YES;
				SDKROOT = iphoneos;
				SWIFT_COMPILATION_MODE = wholemodule;
				SWIFT_OPTIMIZATION_LEVEL = "-O";
				VALIDATE_PRODUCT = YES;
			};
			name = Release;
		};
		9438A2E02983C5B70056017F /* Debug */ = {
			isa = XCBuildConfiguration;
			buildSettings = {
				ASSETCATALOG_COMPILER_APPICON_NAME = AppIcon;
				ASSETCATALOG_COMPILER_GLOBAL_ACCENT_COLOR_NAME = AccentColor;
				CODE_SIGN_STYLE = Automatic;
				CURRENT_PROJECT_VERSION = 1;
				DEVELOPMENT_ASSET_PATHS = "\"Oddsium/Preview Content\"";
				DEVELOPMENT_TEAM = 6M4SR2P48Q;
				ENABLE_PREVIEWS = YES;
				GENERATE_INFOPLIST_FILE = YES;
				INFOPLIST_KEY_UIApplicationSceneManifest_Generation = YES;
				INFOPLIST_KEY_UIApplicationSupportsIndirectInputEvents = YES;
				INFOPLIST_KEY_UILaunchScreen_Generation = YES;
				INFOPLIST_KEY_UISupportedInterfaceOrientations = UIInterfaceOrientationPortrait;
				IPHONEOS_DEPLOYMENT_TARGET = 16.0;
				LD_RUNPATH_SEARCH_PATHS = (
					"$(inherited)",
					"@executable_path/Frameworks",
				);
				MARKETING_VERSION = 1.0;
				PRODUCT_BUNDLE_IDENTIFIER = sk.samuelkebis.Oddsium;
				PRODUCT_NAME = "$(TARGET_NAME)";
				SUPPORTED_PLATFORMS = "iphoneos iphonesimulator";
				SUPPORTS_MACCATALYST = NO;
				SUPPORTS_MAC_DESIGNED_FOR_IPHONE_IPAD = YES;
				SWIFT_EMIT_LOC_STRINGS = YES;
				SWIFT_VERSION = 5.0;
				TARGETED_DEVICE_FAMILY = 1;
			};
			name = Debug;
		};
		9438A2E12983C5B70056017F /* Release */ = {
			isa = XCBuildConfiguration;
			buildSettings = {
				ASSETCATALOG_COMPILER_APPICON_NAME = AppIcon;
				ASSETCATALOG_COMPILER_GLOBAL_ACCENT_COLOR_NAME = AccentColor;
				CODE_SIGN_STYLE = Automatic;
				CURRENT_PROJECT_VERSION = 1;
				DEVELOPMENT_ASSET_PATHS = "\"Oddsium/Preview Content\"";
				DEVELOPMENT_TEAM = 6M4SR2P48Q;
				ENABLE_PREVIEWS = YES;
				GENERATE_INFOPLIST_FILE = YES;
				INFOPLIST_KEY_UIApplicationSceneManifest_Generation = YES;
				INFOPLIST_KEY_UIApplicationSupportsIndirectInputEvents = YES;
				INFOPLIST_KEY_UILaunchScreen_Generation = YES;
				INFOPLIST_KEY_UISupportedInterfaceOrientations = UIInterfaceOrientationPortrait;
				IPHONEOS_DEPLOYMENT_TARGET = 16.0;
				LD_RUNPATH_SEARCH_PATHS = (
					"$(inherited)",
					"@executable_path/Frameworks",
				);
				MARKETING_VERSION = 1.0;
				PRODUCT_BUNDLE_IDENTIFIER = sk.samuelkebis.Oddsium;
				PRODUCT_NAME = "$(TARGET_NAME)";
				SUPPORTED_PLATFORMS = "iphoneos iphonesimulator";
				SUPPORTS_MACCATALYST = NO;
				SUPPORTS_MAC_DESIGNED_FOR_IPHONE_IPAD = YES;
				SWIFT_EMIT_LOC_STRINGS = YES;
				SWIFT_VERSION = 5.0;
				TARGETED_DEVICE_FAMILY = 1;
			};
			name = Release;
		};
/* End XCBuildConfiguration section */

/* Begin XCConfigurationList section */
		9438A2CC2983C5B50056017F /* Build configuration list for PBXProject "Oddsium" */ = {
			isa = XCConfigurationList;
			buildConfigurations = (
				9438A2DD2983C5B70056017F /* Debug */,
				9438A2DE2983C5B70056017F /* Release */,
			);
			defaultConfigurationIsVisible = 0;
			defaultConfigurationName = Release;
		};
		9438A2DF2983C5B70056017F /* Build configuration list for PBXNativeTarget "Oddsium" */ = {
			isa = XCConfigurationList;
			buildConfigurations = (
				9438A2E02983C5B70056017F /* Debug */,
				9438A2E12983C5B70056017F /* Release */,
			);
			defaultConfigurationIsVisible = 0;
			defaultConfigurationName = Release;
		};
/* End XCConfigurationList section */

/* Begin XCRemoteSwiftPackageReference section */
		94F72EDD298817FB0013114D /* XCRemoteSwiftPackageReference "shortcut-foundation-ios" */ = {
			isa = XCRemoteSwiftPackageReference;
			repositoryURL = "https://github.com/shortcut/shortcut-foundation-ios.git";
			requirement = {
				kind = upToNextMajorVersion;
				minimumVersion = 1.0.0;
			};
		};
/* End XCRemoteSwiftPackageReference section */

/* Begin XCSwiftPackageProductDependency section */
		9438A3072987CA050056017F /* Domain */ = {
			isa = XCSwiftPackageProductDependency;
			productName = Domain;
		};
		9438A30D2987D8DD0056017F /* Network */ = {
			isa = XCSwiftPackageProductDependency;
			productName = Network;
		};
		943A81F4298A5DA4005CE837 /* DataLoader */ = {
			isa = XCSwiftPackageProductDependency;
			productName = DataLoader;
		};
		94F72EDE298817FB0013114D /* ShortcutFoundation */ = {
			isa = XCSwiftPackageProductDependency;
			package = 94F72EDD298817FB0013114D /* XCRemoteSwiftPackageReference "shortcut-foundation-ios" */;
			productName = ShortcutFoundation;
		};
/* End XCSwiftPackageProductDependency section */
	};
	rootObject = 9438A2C92983C5B50056017F /* Project object */;
}
